
Microsoft Visual Studio Solution File, Format Version 12.00
# Visual Studio Version 17
VisualStudioVersion = 17.13.35828.75 d17.13
MinimumVisualStudioVersion = 10.0.40219.1
Project("{FAE04EC0-301F-11D3-BF4B-00C04F79EFBC}") = "ApartmentsCalculator", "ApartmentsCalculator\ApartmentsCalculator.csproj", "{9FC52755-DC71-4646-9D4B-1F94FF716D99}"
EndProject
Global
	GlobalSection(SolutionConfigurationPlatforms) = preSolution
		Debug|Any CPU = Debug|Any CPU
		Release|Any CPU = Release|Any CPU
	EndGlobalSection
	GlobalSection(ProjectConfigurationPlatforms) = postSolution
		{9FC52755-DC71-4646-9D4B-1F94FF716D99}.Debug|Any CPU.ActiveCfg = Debug|Any CPU
		{9FC52755-DC71-4646-9D4B-1F94FF716D99}.Debug|Any CPU.Build.0 = Debug|Any CPU
		{9FC52755-DC71-4646-9D4B-1F94FF716D99}.Release|Any CPU.ActiveCfg = Release|Any CPU
		{9FC52755-DC71-4646-9D4B-1F94FF716D99}.Release|Any CPU.Build.0 = Release|Any CPU
	EndGlobalSection
	GlobalSection(SolutionProperties) = preSolution
		HideSolutionNode = FALSE
	EndGlobalSection
	GlobalSection(ExtensibilityGlobals) = postSolution
		SolutionGuid = {80D4EA13-CCCA-4E4E-A604-3447023AF4F8}
	EndGlobalSection
EndGlobal
